github.com/foo-dogsquared/hugo-mod-simple-icons v0.0.0-20231025231637-36998f86bbf2/go.mod h1:8HnVc0SlzI7LCEU4sITYS5MQTq0Bct/nFr/7LdsHYVQ=
github.com/foo-dogsquared/hugo-mod-simple-icons v0.0.0-20241028022226-7f7e0be42a95 h1:knvsLW0kTmLxZ7tCKAQgK9M6e8ggjU6NPcmP3HOFKHc=
github.com/foo-dogsquared/hugo-mod-simple-icons v0.0.0-20241028022226-7f7e0be42a95/go.mod h1:R9tJ1WSUnZf0R12SAmI9I/x9IQQbwPGek2FQyGJOC0g=
github.com/foo-dogsquared/hugo-mod-web-feeds v0.0.3-0.20220613123653-e0bc8e58159d h1:IvFDTSoQiK3BsbdJxvXEqjuRxwcYo2dMHgUxGmhdYes=
github.com/foo-dogsquared/hugo-mod-web-feeds v0.0.3-0.20220613123653-e0bc8e58159d/go.mod h1:V7UXom6wuFrWj1lBUCXQA3HguwfDhQA+tQNxyRxdClk=
github.com/foo-dogsquared/hugo-theme-more-contentful v0.7.1-0.20240829055539-b7c3b8878050/go.mod h1:Rbsgp6Kdi2jVmAILYZTgCysqU4xvoLFwvrR0nvpSr4I=
github.com/foo-dogsquared/hugo-theme-more-contentful v0.7.1 h1:5Mu2OBMVHHp1nytCUUFz9EEQ3gTQCBUHsovzaQssnmc=
github.com/foo-dogsquared/hugo-theme-more-contentful v0.7.1/go.mod h1:HV3pnAPBJNG6k9bo10wDOkl6rYFib+um2IURlRIlXkg=
github.com/foo-dogsquared/website v0.0.0-20241103012127-eed6eb26f100 h1:+OSuIHC1ARQGEMihMeB8Xc5BE6Be5xgdban3RxbIcz4=
github.com/foo-dogsquared/website v0.0.0-20241103012127-eed6eb26f100/go.mod h1:AkVVnWQg95UIzQEN7OuMgupRG6Mi2gAsxuaK81/DyUc=
github.com/refactoringui/heroicons v2.0.18+incompatible/go.mod h1:82HsLWQga7MkEl5aK8TctxPPIBlXrsyWcVTB57uipuk=
github.com/refactoringui/heroicons v2.1.5+incompatible h1:XzZpX6BwR5eYel3Owrw6u0e11/pj1FTXA3MSiN3OOvE=
github.com/refactoringui/heroicons v2.1.5+incompatible/go.mod h1:82HsLWQga7MkEl5aK8TctxPPIBlXrsyWcVTB57uipuk=
github.com/simple-icons/simple-icons v0.0.0-20231022005333-fdbaaa2d5f99/go.mod h1:oOgUUt8yVYOso/wEBi2ojfZP2MU/xxiNccIpaE+jCvE=
github.com/simple-icons/simple-icons v0.0.0-20241027003233-9d720b26a17d h1:hkrcJOSlWIPEaFLPeE82iyslQkhnyH4aheEtIushCQg=
github.com/simple-icons/simple-icons v0.0.0-20241027003233-9d720b26a17d/go.mod h1:oOgUUt8yVYOso/wEBi2ojfZP2MU/xxiNccIpaE+jCvE=
